
Microsoft Visual Studio Solution File, Format Version 12.00
# Visual Studio Version 17
VisualStudioVersion = 17.9.34723.18
MinimumVisualStudioVersion = 10.0.40219.1
Project("{FAE04EC0-301F-11D3-BF4B-00C04F79EFBC}") = "RevitUsdExportSetup2024", "RevitUsdExportSetup2024.csproj", "{7EB44FE9-650E-404E-8BA2-762A0200F5D1}"
EndProject
Project("{FAE04EC0-301F-11D3-BF4B-00C04F79EFBC}") = "RevitUsdExportSetup2025", "RevitUsdExportSetup2025.csproj", "{7EB44FE9-650E-404E-8BA2-762A0200F5D2}"
EndProject
Project("{FAE04EC0-301F-11D3-BF4B-00C04F79EFBC}") = "RevitUsdExportSetup2026", "RevitUsdExportSetup2026.csproj", "{7EB44FE9-650E-404E-8BA2-762A0200F5D3}"
EndProject
Global
	GlobalSection(SolutionConfigurationPlatforms) = preSolution
		Debug|x64 = Debug|x64
		Release|x64 = Release|x64
	EndGlobalSection
	GlobalSection(ProjectConfigurationPlatforms) = postSolution
		{7EB44FE9-650E-404E-8BA2-762A0200F5D1}.Debug|x64.ActiveCfg = Debug|x64
		{7EB44FE9-650E-404E-8BA2-762A0200F5D1}.Debug|x64.Build.0 = Debug|x64
		{7EB44FE9-650E-404E-8BA2-762A0200F5D1}.Release|x64.ActiveCfg = Release|x64
		{7EB44FE9-650E-404E-8BA2-762A0200F5D1}.Release|x64.Build.0 = Release|x64
		{7EB44FE9-650E-404E-8BA2-762A0200F5D2}.Debug|x64.ActiveCfg = Debug|x64
		{7EB44FE9-650E-404E-8BA2-762A0200F5D2}.Debug|x64.Build.0 = Debug|x64
		{7EB44FE9-650E-404E-8BA2-762A0200F5D2}.Release|x64.ActiveCfg = Release|x64
		{7EB44FE9-650E-404E-8BA2-762A0200F5D2}.Release|x64.Build.0 = Release|x64
		{7EB44FE9-650E-404E-8BA2-762A0200F5D3}.Debug|x64.ActiveCfg = Debug|x64
		{7EB44FE9-650E-404E-8BA2-762A0200F5D3}.Debug|x64.Build.0 = Debug|x64
		{7EB44FE9-650E-404E-8BA2-762A0200F5D3}.Release|x64.ActiveCfg = Release|x64
		{7EB44FE9-650E-404E-8BA2-762A0200F5D3}.Release|x64.Build.0 = Release|x64
	EndGlobalSection
	GlobalSection(SolutionProperties) = preSolution
		HideSolutionNode = FALSE
	EndGlobalSection
	GlobalSection(ExtensibilityGlobals) = postSolution
		SolutionGuid = {2816D883-C282-4568-9283-52BF7A77E9A9}
	EndGlobalSection
EndGlobal
